// !$*UTF8*$!
{
	archiveVersion = 1;
	classes = {
	};
	objectVersion = 56;
	objects = {

/* Begin PBXBuildFile section */
		652078DB2BF4934A0076EF76 /* AppDelegate.swift in Sources */ = {isa = PBXBuildFile; fileRef = 652078DA2BF4934A0076EF76 /* AppDelegate.swift */; };
		652078DD2BF4934A0076EF76 /* SceneDelegate.swift in Sources */ = {isa = PBXBuildFile; fileRef = 652078DC2BF4934A0076EF76 /* SceneDelegate.swift */; };
		652078DF2BF4934A0076EF76 /* ViewController.swift in Sources */ = {isa = PBXBuildFile; fileRef = 652078DE2BF4934A0076EF76 /* ViewController.swift */; };
		652078E22BF4934A0076EF76 /* Main.storyboard in Resources */ = {isa = PBXBuildFile; fileRef = 652078E02BF4934A0076EF76 /* Main.storyboard */; };
		652078E42BF4934C0076EF76 /* Assets.xcassets in Resources */ = {isa = PBXBuildFile; fileRef = 652078E32BF4934C0076EF76 /* Assets.xcassets */; };
		652078E72BF4934C0076EF76 /* LaunchScreen.storyboard in Resources */ = {isa = PBXBuildFile; fileRef = 652078E52BF4934C0076EF76 /* LaunchScreen.storyboard */; };
		652078F22BF4934D0076EF76 /* TravrateTests.swift in Sources */ = {isa = PBXBuildFile; fileRef = 652078F12BF4934D0076EF76 /* TravrateTests.swift */; };
		652078FC2BF4934D0076EF76 /* TravrateUITests.swift in Sources */ = {isa = PBXBuildFile; fileRef = 652078FB2BF4934D0076EF76 /* TravrateUITests.swift */; };
		652078FE2BF4934D0076EF76 /* TravrateUITestsLaunchTests.swift in Sources */ = {isa = PBXBuildFile; fileRef = 652078FD2BF4934D0076EF76 /* TravrateUITestsLaunchTests.swift */; };
/* End PBXBuildFile section */

/* Begin PBXContainerItemProxy section */
		652078EE2BF4934D0076EF76 /* PBXContainerItemProxy */ = {
			isa = PBXContainerItemProxy;
			containerPortal = 652078CF2BF4934A0076EF76 /* Project object */;
			proxyType = 1;
			remoteGlobalIDString = 652078D62BF4934A0076EF76;
			remoteInfo = Travrate;
		};
		652078F82BF4934D0076EF76 /* PBXContainerItemProxy */ = {
			isa = PBXContainerItemProxy;
			containerPortal = 652078CF2BF4934A0076EF76 /* Project object */;
			proxyType = 1;
			remoteGlobalIDString = 652078D62BF4934A0076EF76;
			remoteInfo = Travrate;
		};
/* End PBXContainerItemProxy section */

/* Begin PBXFileReference section */
		652078D72BF4934A0076EF76 /* Travrate.app */ = {isa = PBXFileReference; explicitFileType = wrapper.application; includeInIndex = 0; path = Travrate.app; sourceTree = BUILT_PRODUCTS_DIR; };
		652078DA2BF4934A0076EF76 /* AppDelegate.swift */ = {isa = PBXFileReference; lastKnownFileType = sourcecode.swift; path = AppDelegate.swift; sourceTree = "<group>"; };
		652078DC2BF4934A0076EF76 /* SceneDelegate.swift */ = {isa = PBXFileReference; lastKnownFileType = sourcecode.swift; path = SceneDelegate.swift; sourceTree = "<group>"; };
		652078DE2BF4934A0076EF76 /* ViewController.swift */ = {isa = PBXFileReference; lastKnownFileType = sourcecode.swift; path = ViewController.swift; sourceTree = "<group>"; };
		652078E12BF4934A0076EF76 /* Base */ = {isa = PBXFileReference; lastKnownFileType = file.storyboard; name = Base; path = Base.lproj/Main.storyboard; sourceTree = "<group>"; };
		652078E32BF4934C0076EF76 /* Assets.xcassets */ = {isa = PBXFileReference; lastKnownFileType = folder.assetcatalog; path = Assets.xcassets; sourceTree = "<group>"; };
		652078E62BF4934C0076EF76 /* Base */ = {isa = PBXFileReference; lastKnownFileType = file.storyboard; name = Base; path = Base.lproj/LaunchScreen.storyboard; sourceTree = "<group>"; };
		652078E82BF4934C0076EF76 /* Info.plist */ = {isa = PBXFileReference; lastKnownFileType = text.plist.xml; path = Info.plist; sourceTree = "<group>"; };
		652078ED2BF4934D0076EF76 /* TravrateTests.xctest */ = {isa = PBXFileReference; explicitFileType = wrapper.cfbundle; includeInIndex = 0; path = TravrateTests.xctest; sourceTree = BUILT_PRODUCTS_DIR; };
		652078F12BF4934D0076EF76 /* TravrateTests.swift */ = {isa = PBXFileReference; lastKnownFileType = sourcecode.swift; path = TravrateTests.swift; sourceTree = "<group>"; };
		652078F72BF4934D0076EF76 /* TravrateUITests.xctest */ = {isa = PBXFileReference; explicitFileType = wrapper.cfbundle; includeInIndex = 0; path = TravrateUITests.xctest; sourceTree = BUILT_PRODUCTS_DIR; };
		652078FB2BF4934D0076EF76 /* TravrateUITests.swift */ = {isa = PBXFileReference; lastKnownFileType = sourcecode.swift; path = TravrateUITests.swift; sourceTree = "<group>"; };
		652078FD2BF4934D0076EF76 /* TravrateUITestsLaunchTests.swift */ = {isa = PBXFileReference; lastKnownFileType = sourcecode.swift; path = TravrateUITestsLaunchTests.swift; sourceTree = "<group>"; };
/* End PBXFileReference section */

/* Begin PBXFrameworksBuildPhase section */
		652078D42BF4934A0076EF76 /* Frameworks */ = {
			isa = PBXFrameworksBuildPhase;
			buildActionMask = 2147483647;
			files = (
			);
			runOnlyForDeploymentPostprocessing = 0;
		};
		652078EA2BF4934D0076EF76 /* Frameworks */ = {
			isa = PBXFrameworksBuildPhase;
			buildActionMask = 2147483647;
			files = (
			);
			runOnlyForDeploymentPostprocessing = 0;
		};
		652078F42BF4934D0076EF76 /* Frameworks */ = {
			isa = PBXFrameworksBuildPhase;
			buildActionMask = 2147483647;
			files = (
			);
			runOnlyForDeploymentPostprocessing = 0;
		};
/* End PBXFrameworksBuildPhase section */

/* Begin PBXGroup section */
		652078CE2BF4934A0076EF76 = {
			isa = PBXGroup;
			children = (
				652078D92BF4934A0076EF76 /* Travrate */,
				652078F02BF4934D0076EF76 /* TravrateTests */,
				652078FA2BF4934D0076EF76 /* TravrateUITests */,
				652078D82BF4934A0076EF76 /* Products */,
			);
			sourceTree = "<group>";
		};
		652078D82BF4934A0076EF76 /* Products */ = {
			isa = PBXGroup;
			children = (
				652078D72BF4934A0076EF76 /* Travrate.app */,
				652078ED2BF4934D0076EF76 /* TravrateTests.xctest */,
				652078F72BF4934D0076EF76 /* TravrateUITests.xctest */,
			);
			name = Products;
			sourceTree = "<group>";
		};
		652078D92BF4934A0076EF76 /* Travrate */ = {
			isa = PBXGroup;
			children = (
				652078DA2BF4934A0076EF76 /* AppDelegate.swift */,
				652078DC2BF4934A0076EF76 /* SceneDelegate.swift */,
				652078DE2BF4934A0076EF76 /* ViewController.swift */,
				652078E02BF4934A0076EF76 /* Main.storyboard */,
				652078E32BF4934C0076EF76 /* Assets.xcassets */,
				652078E52BF4934C0076EF76 /* LaunchScreen.storyboard */,
				652078E82BF4934C0076EF76 /* Info.plist */,
			);
			path = Travrate;
			sourceTree = "<group>";
		};
		652078F02BF4934D0076EF76 /* TravrateTests */ = {
			isa = PBXGroup;
			children = (
				652078F12BF4934D0076EF76 /* TravrateTests.swift */,
			);
			path = TravrateTests;
			sourceTree = "<group>";
		};
		652078FA2BF4934D0076EF76 /* TravrateUITests */ = {
			isa = PBXGroup;
			children = (
				652078FB2BF4934D0076EF76 /* TravrateUITests.swift */,
				652078FD2BF4934D0076EF76 /* TravrateUITestsLaunchTests.swift */,
			);
			path = TravrateUITests;
			sourceTree = "<group>";
		};
/* End PBXGroup section */

/* Begin PBXNativeTarget section */
		652078D62BF4934A0076EF76 /* Travrate */ = {
			isa = PBXNativeTarget;
			buildConfigurationList = 652079012BF4934D0076EF76 /* Build configuration list for PBXNativeTarget "Travrate" */;
			buildPhases = (
				652078D32BF4934A0076EF76 /* Sources */,
				652078D42BF4934A0076EF76 /* Frameworks */,
				652078D52BF4934A0076EF76 /* Resources */,
			);
			buildRules = (
			);
			dependencies = (
			);
			name = Travrate;
			productName = Travrate;
			productReference = 652078D72BF4934A0076EF76 /* Travrate.app */;
			productType = "com.apple.product-type.application";
		};
		652078EC2BF4934D0076EF76 /* TravrateTests */ = {
			isa = PBXNativeTarget;
			buildConfigurationList = 652079042BF4934D0076EF76 /* Build configuration list for PBXNativeTarget "TravrateTests" */;
			buildPhases = (
				652078E92BF4934D0076EF76 /* Sources */,
				652078EA2BF4934D0076EF76 /* Frameworks */,
				652078EB2BF4934D0076EF76 /* Resources */,
			);
			buildRules = (
			);
			dependencies = (
				652078EF2BF4934D0076EF76 /* PBXTargetDependency */,
			);
			name = TravrateTests;
			productName = TravrateTests;
			productReference = 652078ED2BF4934D0076EF76 /* TravrateTests.xctest */;
			productType = "com.apple.product-type.bundle.unit-test";
		};
		652078F62BF4934D0076EF76 /* TravrateUITests */ = {
			isa = PBXNativeTarget;
			buildConfigurationList = 652079072BF4934D0076EF76 /* Build configuration list for PBXNativeTarget "TravrateUITests" */;
			buildPhases = (
				652078F32BF4934D0076EF76 /* Sources */,
				652078F42BF4934D0076EF76 /* Frameworks */,
				652078F52BF4934D0076EF76 /* Resources */,
			);
			buildRules = (
			);
			dependencies = (
				652078F92BF4934D0076EF76 /* PBXTargetDependency */,
			);
			name = TravrateUITests;
			productName = TravrateUITests;
			productReference = 652078F72BF4934D0076EF76 /* TravrateUITests.xctest */;
			productType = "com.apple.product-type.bundle.ui-testing";
		};
/* End PBXNativeTarget section */

/* Begin PBXProject section */
		652078CF2BF4934A0076EF76 /* Project object */ = {
			isa = PBXProject;
			attributes = {
				BuildIndependentTargetsInParallel = 1;
				LastSwiftUpdateCheck = 1500;
				LastUpgradeCheck = 1500;
				TargetAttributes = {
					652078D62BF4934A0076EF76 = {
						CreatedOnToolsVersion = 15.0.1;
					};
					652078EC2BF4934D0076EF76 = {
						CreatedOnToolsVersion = 15.0.1;
						TestTargetID = 652078D62BF4934A0076EF76;
					};
					652078F62BF4934D0076EF76 = {
						CreatedOnToolsVersion = 15.0.1;
						TestTargetID = 652078D62BF4934A0076EF76;
					};
				};
			};
			buildConfigurationList = 652078D22BF4934A0076EF76 /* Build configuration list for PBXProject "Travrate" */;
			compatibilityVersion = "Xcode 14.0";
			developmentRegion = en;
			hasScannedForEncodings = 0;
			knownRegions = (
				en,
				Base,
			);
			mainGroup = 652078CE2BF4934A0076EF76;
			productRefGroup = 652078D82BF4934A0076EF76 /* Products */;
			projectDirPath = "";
			projectRoot = "";
			targets = (
				652078D62BF4934A0076EF76 /* Travrate */,
				652078EC2BF4934D0076EF76 /* TravrateTests */,
				652078F62BF4934D0076EF76 /* TravrateUITests */,
			);
		};
/* End PBXProject section */

/* Begin PBXResourcesBuildPhase section */
		652078D52BF4934A0076EF76 /* Resources */ = {
			isa = PBXResourcesBuildPhase;
			buildActionMask = 2147483647;
			files = (
				652078E72BF4934C0076EF76 /* LaunchScreen.storyboard in Resources */,
				652078E42BF4934C0076EF76 /* Assets.xcassets in Resources */,
				652078E22BF4934A0076EF76 /* Main.storyboard in Resources */,
			);
			runOnlyForDeploymentPostprocessing = 0;
		};
		652078EB2BF4934D0076EF76 /* Resources */ = {
			isa = PBXResourcesBuildPhase;
			buildActionMask = 2147483647;
			files = (
			);
			runOnlyForDeploymentPostprocessing = 0;
		};
		652078F52BF4934D0076EF76 /* Resources */ = {
			isa = PBXResourcesBuildPhase;
			buildActionMask = 2147483647;
			files = (
			);
			runOnlyForDeploymentPostprocessing = 0;
		};
/* End PBXResourcesBuildPhase section */

/* Begin PBXSourcesBuildPhase section */
		652078D32BF4934A0076EF76 /* Sources */ = {
			isa = PBXSourcesBuildPhase;
			buildActionMask = 2147483647;
			files = (
				652078DF2BF4934A0076EF76 /* ViewController.swift in Sources */,
				652078DB2BF4934A0076EF76 /* AppDelegate.swift in Sources */,
				652078DD2BF4934A0076EF76 /* SceneDelegate.swift in Sources */,
			);
			runOnlyForDeploymentPostprocessing = 0;
		};
		652078E92BF4934D0076EF76 /* Sources */ = {
			isa = PBXSourcesBuildPhase;
			buildActionMask = 2147483647;
			files = (
				652078F22BF4934D0076EF76 /* TravrateTests.swift in Sources */,
			);
			runOnlyForDeploymentPostprocessing = 0;
		};
		652078F32BF4934D0076EF76 /* Sources */ = {
			isa = PBXSourcesBuildPhase;
			buildActionMask = 2147483647;
			files = (
				652078FE2BF4934D0076EF76 /* TravrateUITestsLaunchTests.swift in Sources */,
				652078FC2BF4934D0076EF76 /* TravrateUITests.swift in Sources */,
			);
			runOnlyForDeploymentPostprocessing = 0;
		};
/* End PBXSourcesBuildPhase section */

/* Begin PBXTargetDependency section */
		652078EF2BF4934D0076EF76 /* PBXTargetDependency */ = {
			isa = PBXTargetDependency;
			target = 652078D62BF4934A0076EF76 /* Travrate */;
			targetProxy = 652078EE2BF4934D0076EF76 /* PBXContainerItemProxy */;
		};
		652078F92BF4934D0076EF76 /* PBXTargetDependency */ = {
			isa = PBXTargetDependency;
			target = 652078D62BF4934A0076EF76 /* Travrate */;
			targetProxy = 652078F82BF4934D0076EF76 /* PBXContainerItemProxy */;
		};
/* End PBXTargetDependency section */

/* Begin PBXVariantGroup section */
		652078E02BF4934A0076EF76 /* Main.storyboard */ = {
			isa = PBXVariantGroup;
			children = (
				652078E12BF4934A0076EF76 /* Base */,
			);
			name = Main.storyboard;
			sourceTree = "<group>";
		};
		652078E52BF4934C0076EF76 /* LaunchScreen.storyboard */ = {
			isa = PBXVariantGroup;
			children = (
				652078E62BF4934C0076EF76 /* Base */,
			);
			name = LaunchScreen.storyboard;
			sourceTree = "<group>";
		};
/* End PBXVariantGroup section */

/* Begin XCBuildConfiguration section */
		652078FF2BF4934D0076EF76 /* Debug */ = {
			isa = XCBuildConfiguration;
			buildSettings = {
				ALWAYS_SEARCH_USER_PATHS = NO;
				ASSETCATALOG_COMPILER_GENERATE_SWIFT_ASSET_SYMBOL_EXTENSIONS = YES;
				CLANG_ANALYZER_NONNULL = YES;
				CLANG_ANALYZER_NUMBER_OBJECT_CONVERSION = YES_AGGRESSIVE;
				CLANG_CXX_LANGUAGE_STANDARD = "gnu++20";
				CLANG_ENABLE_MODULES = YES;
				CLANG_ENABLE_OBJC_ARC = YES;
				CLANG_ENABLE_OBJC_WEAK = YES;
				CLANG_WARN_BLOCK_CAPTURE_AUTORELEASING = YES;
				CLANG_WARN_BOOL_CONVERSION = YES;
				CLANG_WARN_COMMA = YES;
				CLANG_WARN_CONSTANT_CONVERSION = YES;
				CLANG_WARN_DEPRECATED_OBJC_IMPLEMENTATIONS = YES;
				CLANG_WARN_DIRECT_OBJC_ISA_USAGE = YES_ERROR;
				CLANG_WARN_DOCUMENTATION_COMMENTS = YES;
				CLANG_WARN_EMPTY_BODY = YES;
				CLANG_WARN_ENUM_CONVERSION = YES;
				CLANG_WARN_INFINITE_RECURSION = YES;
				CLANG_WARN_INT_CONVERSION = YES;
				CLANG_WARN_NON_LITERAL_NULL_CONVERSION = YES;
				CLANG_WARN_OBJC_IMPLICIT_RETAIN_SELF = YES;
				CLANG_WARN_OBJC_LITERAL_CONVERSION = YES;
				CLANG_WARN_OBJC_ROOT_CLASS = YES_ERROR;
				CLANG_WARN_QUOTED_INCLUDE_IN_FRAMEWORK_HEADER = YES;
				CLANG_WARN_RANGE_LOOP_ANALYSIS = YES;
				CLANG_WARN_STRICT_PROTOTYPES = YES;
				CLANG_WARN_SUSPICIOUS_MOVE = YES;
				CLANG_WARN_UNGUARDED_AVAILABILITY = YES_AGGRESSIVE;
				CLANG_WARN_UNREACHABLE_CODE = YES;
				CLANG_WARN__DUPLICATE_METHOD_MATCH = YES;
				COPY_PHASE_STRIP = NO;
				DEBUG_INFORMATION_FORMAT = dwarf;
				ENABLE_STRICT_OBJC_MSGSEND = YES;
				ENABLE_TESTABILITY = YES;
				ENABLE_USER_SCRIPT_SANDBOXING = YES;
				GCC_C_LANGUAGE_STANDARD = gnu17;
				GCC_DYNAMIC_NO_PIC = NO;
				GCC_NO_COMMON_BLOCKS = YES;
				GCC_OPTIMIZATION_LEVEL = 0;
				GCC_PREPROCESSOR_DEFINITIONS = (
					"DEBUG=1",
					"$(inherited)",
				);
				GCC_WARN_64_TO_32_BIT_CONVERSION = YES;
				GCC_WARN_ABOUT_RETURN_TYPE = YES_ERROR;
				GCC_WARN_UNDECLARED_SELECTOR = YES;
				GCC_WARN_UNINITIALIZED_AUTOS = YES_AGGRESSIVE;
				GCC_WARN_UNUSED_FUNCTION = YES;
				GCC_WARN_UNUSED_VARIABLE = YES;
				IPHONEOS_DEPLOYMENT_TARGET = 17.0;
				LOCALIZATION_PREFERS_STRING_CATALOGS = YES;
				MTL_ENABLE_DEBUG_INFO = INCLUDE_SOURCE;
				MTL_FAST_MATH = YES;
				ONLY_ACTIVE_ARCH = YES;
				SDKROOT = iphoneos;
				SWIFT_ACTIVE_COMPILATION_CONDITIONS = "DEBUG $(inherited)";
				SWIFT_OPTIMIZATION_LEVEL = "-Onone";
			};
			name = Debug;
		};
		652079002BF4934D0076EF76 /* Release */ = {
			isa = XCBuildConfiguration;
			buildSettings = {
				ALWAYS_SEARCH_USER_PATHS = NO;
				ASSETCATALOG_COMPILER_GENERATE_SWIFT_ASSET_SYMBOL_EXTENSIONS = YES;
				CLANG_ANALYZER_NONNULL = YES;
				CLANG_ANALYZER_NUMBER_OBJECT_CONVERSION = YES_AGGRESSIVE;
				CLANG_CXX_LANGUAGE_STANDARD = "gnu++20";
				CLANG_ENABLE_MODULES = YES;
				CLANG_ENABLE_OBJC_ARC = YES;
				CLANG_ENABLE_OBJC_WEAK = YES;
				CLANG_WARN_BLOCK_CAPTURE_AUTORELEASING = YES;
				CLANG_WARN_BOOL_CONVERSION = YES;
				CLANG_WARN_COMMA = YES;
				CLANG_WARN_CONSTANT_CONVERSION = YES;
				CLANG_WARN_DEPRECATED_OBJC_IMPLEMENTATIONS = YES;
				CLANG_WARN_DIRECT_OBJC_ISA_USAGE = YES_ERROR;
				CLANG_WARN_DOCUMENTATION_COMMENTS = YES;
				CLANG_WARN_EMPTY_BODY = YES;
				CLANG_WARN_ENUM_CONVERSION = YES;
				CLANG_WARN_INFINITE_RECURSION = YES;
				CLANG_WARN_INT_CONVERSION = YES;
				CLANG_WARN_NON_LITERAL_NULL_CONVERSION = YES;
				CLANG_WARN_OBJC_IMPLICIT_RETAIN_SELF = YES;
				CLANG_WARN_OBJC_LITERAL_CONVERSION = YES;
				CLANG_WARN_OBJC_ROOT_CLASS = YES_ERROR;
				CLANG_WARN_QUOTED_INCLUDE_IN_FRAMEWORK_HEADER = YES;
				CLANG_WARN_RANGE_LOOP_ANALYSIS = YES;
				CLANG_WARN_STRICT_PROTOTYPES = YES;
				CLANG_WARN_SUSPICIOUS_MOVE = YES;
				CLANG_WARN_UNGUARDED_AVAILABILITY = YES_AGGRESSIVE;
				CLANG_WARN_UNREACHABLE_CODE = YES;
				CLANG_WARN__DUPLICATE_METHOD_MATCH = YES;
				COPY_PHASE_STRIP = NO;
				DEBUG_INFORMATION_FORMAT = "dwarf-with-dsym";
				ENABLE_NS_ASSERTIONS = NO;
				ENABLE_STRICT_OBJC_MSGSEND = YES;
				ENABLE_USER_SCRIPT_SANDBOXING = YES;
				GCC_C_LANGUAGE_STANDARD = gnu17;
				GCC_NO_COMMON_BLOCKS = YES;
				GCC_WARN_64_TO_32_BIT_CONVERSION = YES;
				GCC_WARN_ABOUT_RETURN_TYPE = YES_ERROR;
				GCC_WARN_UNDECLARED_SELECTOR = YES;
				GCC_WARN_UNINITIALIZED_AUTOS = YES_AGGRESSIVE;
				GCC_WARN_UNUSED_FUNCTION = YES;
				GCC_WARN_UNUSED_VARIABLE = YES;
				IPHONEOS_DEPLOYMENT_TARGET = 17.0;
				LOCALIZATION_PREFERS_STRING_CATALOGS = YES;
				MTL_ENABLE_DEBUG_INFO = NO;
				MTL_FAST_MATH = YES;
				SDKROOT = iphoneos;
				SWIFT_COMPILATION_MODE = wholemodule;
				VALIDATE_PRODUCT = YES;
			};
			name = Release;
		};
		652079022BF4934D0076EF76 /* Debug */ = {
			isa = XCBuildConfiguration;
			buildSettings = {
				ASSETCATALOG_COMPILER_APPICON_NAME = AppIcon;
				ASSETCATALOG_COMPILER_GLOBAL_ACCENT_COLOR_NAME = AccentColor;
				CODE_SIGN_STYLE = Automatic;
				CURRENT_PROJECT_VERSION = 1;
				DEVELOPMENT_TEAM = 5TLY5PME9K;
				GENERATE_INFOPLIST_FILE = YES;
				INFOPLIST_FILE = Travrate/Info.plist;
				INFOPLIST_KEY_UIApplicationSupportsIndirectInputEvents = YES;
				INFOPLIST_KEY_UILaunchStoryboardName = LaunchScreen;
				INFOPLIST_KEY_UIMainStoryboardFile = Main;
				INFOPLIST_KEY_UISupportedInterfaceOrientations_iPad = "UIInterfaceOrientationPortrait UIInterfaceOrientationPortraitUpsideDown UIInterfaceOrientationLandscapeLeft UIInterfaceOrientationLandscapeRight";
				INFOPLIST_KEY_UISupportedInterfaceOrientations_iPhone = "UIInterfaceOrientationPortrait UIInterfaceOrientationLandscapeLeft UIInterfaceOrientationLandscapeRight";
				LD_RUNPATH_SEARCH_PATHS = (
					"$(inherited)",
					"@executable_path/Frameworks",
				);
				MARKETING_VERSION = 1.0;
				PRODUCT_BUNDLE_IDENTIFIER = Travrate.provab.com.Travrate;
				PRODUCT_NAME = "$(TARGET_NAME)";
				SWIFT_EMIT_LOC_STRINGS = YES;
				SWIFT_VERSION = 5.0;
				TARGETED_DEVICE_FAMILY = "1,2";
			};
			name = Debug;
		};
		652079032BF4934D0076EF76 /* Release */ = {
			isa = XCBuildConfiguration;
			buildSettings = {
				ASSETCATALOG_COMPILER_APPICON_NAME = AppIcon;
				ASSETCATALOG_COMPILER_GLOBAL_ACCENT_COLOR_NAME = AccentColor;
				CODE_SIGN_STYLE = Automatic;
				CURRENT_PROJECT_VERSION = 1;
				DEVELOPMENT_TEAM = 5TLY5PME9K;
				GENERATE_INFOPLIST_FILE = YES;
				INFOPLIST_FILE = Travrate/Info.plist;
				INFOPLIST_KEY_UIApplicationSupportsIndirectInputEvents = YES;
				INFOPLIST_KEY_UILaunchStoryboardName = LaunchScreen;
				INFOPLIST_KEY_UIMainStoryboardFile = Main;
				INFOPLIST_KEY_UISupportedInterfaceOrientations_iPad = "UIInterfaceOrientationPortrait UIInterfaceOrientationPortraitUpsideDown UIInterfaceOrientationLandscapeLeft UIInterfaceOrientationLandscapeRight";
				INFOPLIST_KEY_UISupportedInterfaceOrientations_iPhone = "UIInterfaceOrientationPortrait UIInterfaceOrientationLandscapeLeft UIInterfaceOrientationLandscapeRight";
				LD_RUNPATH_SEARCH_PATHS = (
					"$(inherited)",
					"@executable_path/Frameworks",
				);
				MARKETING_VERSION = 1.0;
				PRODUCT_BUNDLE_IDENTIFIER = Travrate.provab.com.Travrate;
				PRODUCT_NAME = "$(TARGET_NAME)";
				SWIFT_EMIT_LOC_STRINGS = YES;
				SWIFT_VERSION = 5.0;
				TARGETED_DEVICE_FAMILY = "1,2";
			};
			name = Release;
		};
		652079052BF4934D0076EF76 /* Debug */ = {
			isa = XCBuildConfiguration;
			buildSettings = {
				ALWAYS_EMBED_SWIFT_STANDARD_LIBRARIES = YES;
				BUNDLE_LOADER = "$(TEST_HOST)";
				CODE_SIGN_STYLE = Automatic;
				CURRENT_PROJECT_VERSION = 1;
				DEVELOPMENT_TEAM = 5TLY5PME9K;
				GENERATE_INFOPLIST_FILE = YES;
				IPHONEOS_DEPLOYMENT_TARGET = 17.0;
				MARKETING_VERSION = 1.0;
				PRODUCT_BUNDLE_IDENTIFIER = Travrate.provab.com.TravrateTests;
				PRODUCT_NAME = "$(TARGET_NAME)";
				SWIFT_EMIT_LOC_STRINGS = NO;
				SWIFT_VERSION = 5.0;
				TARGETED_DEVICE_FAMILY = "1,2";
				TEST_HOST = "$(BUILT_PRODUCTS_DIR)/Travrate.app/$(BUNDLE_EXECUTABLE_FOLDER_PATH)/Travrate";
			};
			name = Debug;
		};
		652079062BF4934D0076EF76 /* Release */ = {
			isa = XCBuildConfiguration;
			buildSettings = {
				ALWAYS_EMBED_SWIFT_STANDARD_LIBRARIES = YES;
				BUNDLE_LOADER = "$(TEST_HOST)";
				CODE_SIGN_STYLE = Automatic;
				CURRENT_PROJECT_VERSION = 1;
				DEVELOPMENT_TEAM = 5TLY5PME9K;
				GENERATE_INFOPLIST_FILE = YES;
				IPHONEOS_DEPLOYMENT_TARGET = 17.0;
				MARKETING_VERSION = 1.0;
				PRODUCT_BUNDLE_IDENTIFIER = Travrate.provab.com.TravrateTests;
				PRODUCT_NAME = "$(TARGET_NAME)";
				SWIFT_EMIT_LOC_STRINGS = NO;
				SWIFT_VERSION = 5.0;
				TARGETED_DEVICE_FAMILY = "1,2";
				TEST_HOST = "$(BUILT_PRODUCTS_DIR)/Travrate.app/$(BUNDLE_EXECUTABLE_FOLDER_PATH)/Travrate";
			};
			name = Release;
		};
		652079082BF4934D0076EF76 /* Debug */ = {
			isa = XCBuildConfiguration;
			buildSettings = {
				ALWAYS_EMBED_SWIFT_STANDARD_LIBRARIES = YES;
				CODE_SIGN_STYLE = Automatic;
				CURRENT_PROJECT_VERSION = 1;
				DEVELOPMENT_TEAM = 5TLY5PME9K;
				GENERATE_INFOPLIST_FILE = YES;
				MARKETING_VERSION = 1.0;
				PRODUCT_BUNDLE_IDENTIFIER = Travrate.provab.com.TravrateUITests;
				PRODUCT_NAME = "$(TARGET_NAME)";
				SWIFT_EMIT_LOC_STRINGS = NO;
				SWIFT_VERSION = 5.0;
				TARGETED_DEVICE_FAMILY = "1,2";
				TEST_TARGET_NAME = Travrate;
			};
			name = Debug;
		};
		652079092BF4934D0076EF76 /* Release */ = {
			isa = XCBuildConfiguration;
			buildSettings = {
				ALWAYS_EMBED_SWIFT_STANDARD_LIBRARIES = YES;
				CODE_SIGN_STYLE = Automatic;
				CURRENT_PROJECT_VERSION = 1;
				DEVELOPMENT_TEAM = 5TLY5PME9K;
				GENERATE_INFOPLIST_FILE = YES;
				MARKETING_VERSION = 1.0;
				PRODUCT_BUNDLE_IDENTIFIER = Travrate.provab.com.TravrateUITests;
				PRODUCT_NAME = "$(TARGET_NAME)";
				SWIFT_EMIT_LOC_STRINGS = NO;
				SWIFT_VERSION = 5.0;
				TARGETED_DEVICE_FAMILY = "1,2";
				TEST_TARGET_NAME = Travrate;
			};
			name = Release;
		};
/* End XCBuildConfiguration section */

/* Begin XCConfigurationList section */
		652078D22BF4934A0076EF76 /* Build configuration list for PBXProject "Travrate" */ = {
			isa = XCConfigurationList;
			buildConfigurations = (
				652078FF2BF4934D0076EF76 /* Debug */,
				652079002BF4934D0076EF76 /* Release */,
			);
			defaultConfigurationIsVisible = 0;
			defaultConfigurationName = Release;
		};
		652079012BF4934D0076EF76 /* Build configuration list for PBXNativeTarget "Travrate" */ = {
			isa = XCConfigurationList;
			buildConfigurations = (
				652079022BF4934D0076EF76 /* Debug */,
				652079032BF4934D0076EF76 /* Release */,
			);
			defaultConfigurationIsVisible = 0;
			defaultConfigurationName = Release;
		};
		652079042BF4934D0076EF76 /* Build configuration list for PBXNativeTarget "TravrateTests" */ = {
			isa = XCConfigurationList;
			buildConfigurations = (
				652079052BF4934D0076EF76 /* Debug */,
				652079062BF4934D0076EF76 /* Release */,
			);
			defaultConfigurationIsVisible = 0;
			defaultConfigurationName = Release;
		};
		652079072BF4934D0076EF76 /* Build configuration list for PBXNativeTarget "TravrateUITests" */ = {
			isa = XCConfigurationList;
			buildConfigurations = (
				652079082BF4934D0076EF76 /* Debug */,
				652079092BF4934D0076EF76 /* Release */,
			);
			defaultConfigurationIsVisible = 0;
			defaultConfigurationName = Release;
		};
/* End XCConfigurationList section */
	};
	rootObject = 652078CF2BF4934A0076EF76 /* Project object */;
}
